hash: 55457fb29ea28cc6194144c59969dc0fa9e60a3ed99e006593b8a9f5ae40fafa
updated: 2019-07-08T10:21:14.579685+08:00
imports:
- name: github.com/AndreasBriese/bbloom
  version: e2d15f34fcf99d5dbb871c820ec73f710fca9815
- name: github.com/andygrunwald/go-jira
  version: b59a65c365dcefd42e135579e9b7ce9c9c006489
- name: github.com/codegangsta/negroni
  version: c6a59be0ce122566695fbd5e48a77f8f10c8a63a
- name: github.com/dgraph-io/badger
  version: 8454221386ae8a44416c35ef0512428c86eebb7d
  subpackages:
  - options
  - pb
  - skl
  - table
  - "y"
- name: github.com/dgryski/go-farm
  version: 6a90982ecee230ff6cba02d5bd386acc030be9d3
- name: github.com/dustin/go-humanize
  version: 9f541cc9db5d55bce703bd99987c9d5cb8eea45e
- name: github.com/fatih/structs
  version: 878a968ab22548362a09bdb3322f98b00f470d46
- name: github.com/golang/mock
  version: 140ae90f29eaaadc229f8d4b78f074b7f0611c1e
  subpackages:
  - gomock
- name: github.com/golang/protobuf
  version: 6c65a5562fc06764971b7c5d05c76c75e84bdbf7
  subpackages:
  - proto
- name: github.com/google/go-github
  version: 901030391ab7f418a984389fd3f8f65e39e5c823
  subpackages:
  - github
- name: github.com/google/go-querystring
  version: c8c88dbee036db4e4808d1f2ec8c2e15e11c3f80
  subpackages:
  - query
- name: github.com/gorilla/context
  version: 8559d4a6b87e4f517ec1846eb90a192b8748cc89
- name: github.com/gorilla/handlers
  version: 7e0847f9db758cdebd26c149d0ae9d5d0b9c98ce
- name: github.com/gorilla/mux
  version: ed099d42384823742bba0bf9a72b53b55c9e2e38
- name: github.com/gorilla/securecookie
  version: 86450627d8e6b88e00ea41f228489b89d08a40de
- name: github.com/gorilla/sessions
  version: f57b7e2d29c6211d16ffa52a0998272f75799030
- name: github.com/gorilla/websocket
  version: ae1634f6a98965ded3b8789c626cb4e0bd78c3de
- name: github.com/joho/godotenv
  version: 23d116af351c84513e1946b527c88823e476be13
- name: github.com/k0kubun/pp
  version: 3d73dea227e0711e38b911ffa6fbafc8ff6b2991
- name: github.com/mattn/go-colorable
  version: 8029fb3788e5a4a9c00e415f586a6d033f5d38b3
- name: github.com/mattn/go-isatty
  version: 1311e847b0cb909da63b5fecfb5370aa66236465
- name: github.com/pkg/errors
  version: 27936f6d90f9c8e1145f11ed52ffffbfdb9e0af7
- name: github.com/Rambatino/Wokey
  version: e532ac9569df59c71b7464279ca637cf677b85e6
  subpackages:
  - app
- name: github.com/trivago/tgo
  version: efdb64f40efe6e7cd3f50415710e7af6a7c316ad
  subpackages:
  - tcontainer
  - treflect
- name: golang.org/x/net
  version: da137c7871d730100384dbcf36e6f8fa493aef5b
  subpackages:
  - context
  - context/ctxhttp
  - internal/timeseries
  - trace
- name: golang.org/x/oauth2
  version: 0f29369cfe4552d0e4bcddc57cc75f4d7e672a33
  subpackages:
  - internal
- name: golang.org/x/sys
  version: 04f50cda93cbb67f2afa353c52f342100e80e625
  subpackages:
  - unix
- name: google.golang.org/appengine
  version: b2f4a3cf3c67576a2ee09e1fe62656a5086ce880
  subpackages:
  - internal
  - internal/base
  - internal/datastore
  - internal/log
  - internal/remote_api
  - internal/urlfetch
  - urlfetch
testImports:
- name: bou.ke/monkey
  version: ca6af776195d439150856932e66b35a08b1ad680
